
Microsoft Visual Studio Solution File, Format Version 12.00
# Visual Studio Version 17
VisualStudioVersion = 17.7.34018.315
MinimumVisualStudioVersion = 10.0.40219.1
Project("{FAE04EC0-301F-11D3-BF4B-00C04F79EFBC}") = "AccelByte.PluginArch.CloudsaveValidator.Demo.Server", "AccelByte.PluginArch.CloudsaveValidator.Demo.Server\AccelByte.PluginArch.CloudsaveValidator.Demo.Server.csproj", "{87C184F0-D5AD-403B-81AB-9A5A0DAB742F}"
EndProject
Global
	GlobalSection(SolutionConfigurationPlatforms) = preSolution
		Debug|Any CPU = Debug|Any CPU
		Release|Any CPU = Release|Any CPU
	EndGlobalSection
	GlobalSection(ProjectConfigurationPlatforms) = postSolution
		{87C184F0-D5AD-403B-81AB-9A5A0DAB742F}.Debug|Any CPU.ActiveCfg = Debug|Any CPU
		{87C184F0-D5AD-403B-81AB-9A5A0DAB742F}.Debug|Any CPU.Build.0 = Debug|Any CPU
		{87C184F0-D5AD-403B-81AB-9A5A0DAB742F}.Release|Any CPU.ActiveCfg = Release|Any CPU
		{87C184F0-D5AD-403B-81AB-9A5A0DAB742F}.Release|Any CPU.Build.0 = Release|Any CPU
	EndGlobalSection
	GlobalSection(SolutionProperties) = preSolution
		HideSolutionNode = FALSE
	EndGlobalSection
	GlobalSection(ExtensibilityGlobals) = postSolution
		SolutionGuid = {C0DE1C9F-11B5-49B5-A87B-03B980FAF6ED}
	EndGlobalSection
EndGlobal
